// !$*UTF8*$!
{
	archiveVersion = 1;
	classes = {
	};
	objectVersion = 77;
	objects = {

/* Begin PBXBuildFile section */
		C3AEC60C2FF1C8AC00257B8D /* itraducteur_pdfApp.swift in Sources */ = {isa = PBXBuildFile; fileRef = C3AEC60B2FF1C8AC00257B8D /* itraducteur_pdfApp.swift */; };
		C3AEC60D2FF1C8AC00257B8D /* ContentView.swift in Sources */ = {isa = PBXBuildFile; fileRef = C3AEC60A2FF1C8AC00257B8D /* ContentView.swift */; };
		C3C9B5BB2FF1C302007507DA /* StatutView.swift in Sources */ = {isa = PBXBuildFile; fileRef = C3C9B5B92FF1C302007507DA /* StatutView.swift */; };
		C3C9B5BC2FF1C302007507DA /* AppModels.swift in Sources */ = {isa = PBXBuildFile; fileRef = C3C9B5B22FF1C302007507DA /* AppModels.swift */; };
		C3C9B5BD2FF1C302007507DA /* APIService.swift in Sources */ = {isa = PBXBuildFile; fileRef = C3C9B5B42FF1C302007507DA /* APIService.swift */; };
		C3C9B5BE2FF1C302007507DA /* BackendLauncher.swift in Sources */ = {isa = PBXBuildFile; fileRef = C3C9B5B52FF1C302007507DA /* BackendLauncher.swift */; };
		C3C9B5BF2FF1C302007507DA /* DocumentView.swift in Sources */ = {isa = PBXBuildFile; fileRef = C3C9B5B72FF1C302007507DA /* DocumentView.swift */; };
		C3C9B5C02FF1C302007507DA /* ResultatView.swift in Sources */ = {isa = PBXBuildFile; fileRef = C3C9B5B82FF1C302007507DA /* ResultatView.swift */; };
		C3C9B5C12FF1C302007507DA /* ProgressionView.swift in Sources */ = {isa = PBXBuildFile; fileRef = C3C9B5C22FF1C302007507DA /* ProgressionView.swift */; };
		C3EE385B2FF34B09003E6118 /* ScheduledJobsView.swift in Sources */ = {isa = PBXBuildFile; fileRef = C3EE38592FF34B09003E6118 /* ScheduledJobsView.swift */; };
		C3EE385C2FF34B09003E6118 /* ScheduleSheet.swift in Sources */ = {isa = PBXBuildFile; fileRef = C3EE385A2FF34B09003E6118 /* ScheduleSheet.swift */; };
		C3EE385E2FF34B09003E6118 /* GlossaireView.swift in Sources */ = {isa = PBXBuildFile; fileRef = C3EE385D2FF34B09003E6118 /* GlossaireView.swift */; };
		C3EE38602FF34B09003E6118 /* LectureAudioView.swift in Sources */ = {isa = PBXBuildFile; fileRef = C3EE385F2FF34B09003E6118 /* LectureAudioView.swift */; };
/* End PBXBuildFile section */

/* Begin PBXContainerItemProxy section */
		C34AC1752FF1BFD5005EE689 /* PBXContainerItemProxy */ = {
			isa = PBXContainerItemProxy;
			containerPortal = C34AC15F2FF1BFD3005EE689 /* Project object */;
			proxyType = 1;
			remoteGlobalIDString = C34AC1662FF1BFD3005EE689;
			remoteInfo = "itraducteur-pdf";
		};
		C34AC17F2FF1BFD5005EE689 /* PBXContainerItemProxy */ = {
			isa = PBXContainerItemProxy;
			containerPortal = C34AC15F2FF1BFD3005EE689 /* Project object */;
			proxyType = 1;
			remoteGlobalIDString = C34AC1662FF1BFD3005EE689;
			remoteInfo = "itraducteur-pdf";
		};
/* End PBXContainerItemProxy section */

/* Begin PBXFileReference section */
		C34AC1672FF1BFD3005EE689 /* itraducteur-pdf.app */ = {isa = PBXFileReference; explicitFileType = wrapper.application; includeInIndex = 0; path = "itraducteur-pdf.app"; sourceTree = BUILT_PRODUCTS_DIR; };
		C34AC1742FF1BFD5005EE689 /* itraducteur-pdfTests.xctest */ = {isa = PBXFileReference; explicitFileType = wrapper.cfbundle; includeInIndex = 0; path = "itraducteur-pdfTests.xctest"; sourceTree = BUILT_PRODUCTS_DIR; };
		C34AC17E2FF1BFD5005EE689 /* itraducteur-pdfUITests.xctest */ = {isa = PBXFileReference; explicitFileType = wrapper.cfbundle; includeInIndex = 0; path = "itraducteur-pdfUITests.xctest"; sourceTree = BUILT_PRODUCTS_DIR; };
		C3AA11112FF1C302007507DA /* itraducteur-pdf.entitlements */ = {isa = PBXFileReference; lastKnownFileType = text.plist.entitlements; path = "itraducteur-pdf.entitlements"; sourceTree = "<group>"; };
		C3AEC60A2FF1C8AC00257B8D /* ContentView.swift */ = {isa = PBXFileReference; lastKnownFileType = sourcecode.swift; path = ContentView.swift; sourceTree = "<group>"; };
		C3AEC60B2FF1C8AC00257B8D /* itraducteur_pdfApp.swift */ = {isa = PBXFileReference; lastKnownFileType = sourcecode.swift; path = itraducteur_pdfApp.swift; sourceTree = "<group>"; };
		C3C9B5B22FF1C302007507DA /* AppModels.swift */ = {isa = PBXFileReference; lastKnownFileType = sourcecode.swift; path = AppModels.swift; sourceTree = "<group>"; };
		C3C9B5B42FF1C302007507DA /* APIService.swift */ = {isa = PBXFileReference; lastKnownFileType = sourcecode.swift; path = APIService.swift; sourceTree = "<group>"; };
		C3C9B5B52FF1C302007507DA /* BackendLauncher.swift */ = {isa = PBXFileReference; lastKnownFileType = sourcecode.swift; path = BackendLauncher.swift; sourceTree = "<group>"; };
		C3C9B5B72FF1C302007507DA /* DocumentView.swift */ = {isa = PBXFileReference; lastKnownFileType = sourcecode.swift; path = DocumentView.swift; sourceTree = "<group>"; };
		C3C9B5B82FF1C302007507DA /* ResultatView.swift */ = {isa = PBXFileReference; lastKnownFileType = sourcecode.swift; path = ResultatView.swift; sourceTree = "<group>"; };
		C3C9B5B92FF1C302007507DA /* StatutView.swift */ = {isa = PBXFileReference; lastKnownFileType = sourcecode.swift; path = StatutView.swift; sourceTree = "<group>"; };
		C3C9B5C22FF1C302007507DA /* ProgressionView.swift */ = {isa = PBXFileReference; lastKnownFileType = sourcecode.swift; path = ProgressionView.swift; sourceTree = "<group>"; };
		C3EE38592FF34B09003E6118 /* ScheduledJobsView.swift */ = {isa = PBXFileReference; lastKnownFileType = sourcecode.swift; path = ScheduledJobsView.swift; sourceTree = "<group>"; };
		C3EE385A2FF34B09003E6118 /* ScheduleSheet.swift */ = {isa = PBXFileReference; lastKnownFileType = sourcecode.swift; path = ScheduleSheet.swift; sourceTree = "<group>"; };
		C3EE385D2FF34B09003E6118 /* GlossaireView.swift */ = {isa = PBXFileReference; lastKnownFileType = sourcecode.swift; path = GlossaireView.swift; sourceTree = "<group>"; };
		C3EE385F2FF34B09003E6118 /* LectureAudioView.swift */ = {isa = PBXFileReference; lastKnownFileType = sourcecode.swift; path = LectureAudioView.swift; sourceTree = "<group>"; };
/* End PBXFileReference section */

/* Begin PBXFileSystemSynchronizedRootGroup section */
		C34AC1772FF1BFD5005EE689 /* itraducteur-pdfTests */ = {
			isa = PBXFileSystemSynchronizedRootGroup;
			path = "itraducteur-pdfTests";
			sourceTree = "<group>";
		};
		C34AC1812FF1BFD5005EE689 /* itraducteur-pdfUITests */ = {
			isa = PBXFileSystemSynchronizedRootGroup;
			path = "itraducteur-pdfUITests";
			sourceTree = "<group>";
		};
/* End PBXFileSystemSynchronizedRootGroup section */

/* Begin PBXFrameworksBuildPhase section */
		C34AC1642FF1BFD3005EE689 /* Frameworks */ = {
			isa = PBXFrameworksBuildPhase;
			buildActionMask = 2147483647;
			files = (
			);
			runOnlyForDeploymentPostprocessing = 0;
		};
		C34AC1712FF1BFD5005EE689 /* Frameworks */ = {
			isa = PBXFrameworksBuildPhase;
			buildActionMask = 2147483647;
			files = (
			);
			runOnlyForDeploymentPostprocessing = 0;
		};
		C34AC17B2FF1BFD5005EE689 /* Frameworks */ = {
			isa = PBXFrameworksBuildPhase;
			buildActionMask = 2147483647;
			files = (
			);
			runOnlyForDeploymentPostprocessing = 0;
		};
/* End PBXFrameworksBuildPhase section */

/* Begin PBXGroup section */
		C34AC15E2FF1BFD2005EE689 = {
			isa = PBXGroup;
			children = (
				C3AEC60A2FF1C8AC00257B8D /* ContentView.swift */,
				C3AEC60B2FF1C8AC00257B8D /* itraducteur_pdfApp.swift */,
				C3C9B5B32FF1C302007507DA /* Models */,
				C3C9B5B62FF1C302007507DA /* Services */,
				C3C9B5BA2FF1C302007507DA /* Views */,
				C34AC1772FF1BFD5005EE689 /* itraducteur-pdfTests */,
				C34AC1812FF1BFD5005EE689 /* itraducteur-pdfUITests */,
				C34AC1682FF1BFD3005EE689 /* Products */,
				C3AA11112FF1C302007507DA /* itraducteur-pdf.entitlements */,
			);
			sourceTree = "<group>";
		};
		C34AC1682FF1BFD3005EE689 /* Products */ = {
			isa = PBXGroup;
			children = (
				C34AC1672FF1BFD3005EE689 /* itraducteur-pdf.app */,
				C34AC1742FF1BFD5005EE689 /* itraducteur-pdfTests.xctest */,
				C34AC17E2FF1BFD5005EE689 /* itraducteur-pdfUITests.xctest */,
			);
			name = Products;
			sourceTree = "<group>";
		};
		C3C9B5B32FF1C302007507DA /* Models */ = {
			isa = PBXGroup;
			children = (
				C3C9B5B22FF1C302007507DA /* AppModels.swift */,
			);
			path = Models;
			sourceTree = "<group>";
		};
		C3C9B5B62FF1C302007507DA /* Services */ = {
			isa = PBXGroup;
			children = (
				C3C9B5B42FF1C302007507DA /* APIService.swift */,
				C3C9B5B52FF1C302007507DA /* BackendLauncher.swift */,
			);
			path = Services;
			sourceTree = "<group>";
		};
		C3C9B5BA2FF1C302007507DA /* Views */ = {
			isa = PBXGroup;
			children = (
				C3C9B5B72FF1C302007507DA /* DocumentView.swift */,
				C3EE385D2FF34B09003E6118 /* GlossaireView.swift */,
				C3EE385F2FF34B09003E6118 /* LectureAudioView.swift */,
				C3C9B5C22FF1C302007507DA /* ProgressionView.swift */,
				C3C9B5B82FF1C302007507DA /* ResultatView.swift */,
				C3EE38592FF34B09003E6118 /* ScheduledJobsView.swift */,
				C3EE385A2FF34B09003E6118 /* ScheduleSheet.swift */,
				C3C9B5B92FF1C302007507DA /* StatutView.swift */,
			);
			path = Views;
			sourceTree = "<group>";
		};
/* End PBXGroup section */

/* Begin PBXNativeTarget section */
		C34AC1662FF1BFD3005EE689 /* itraducteur-pdf */ = {
			isa = PBXNativeTarget;
			buildConfigurationList = C34AC1882FF1BFD5005EE689 /* Build configuration list for PBXNativeTarget "itraducteur-pdf" */;
			buildPhases = (
				C34AC1632FF1BFD3005EE689 /* Sources */,
				C34AC1642FF1BFD3005EE689 /* Frameworks */,
				C34AC1652FF1BFD3005EE689 /* Resources */,
			);
			buildRules = (
			);
			dependencies = (
			);
			name = "itraducteur-pdf";
			packageProductDependencies = (
			);
			productName = "itraducteur-pdf";
			productReference = C34AC1672FF1BFD3005EE689 /* itraducteur-pdf.app */;
			productType = "com.apple.product-type.application";
		};
		C34AC1732FF1BFD5005EE689 /* itraducteur-pdfTests */ = {
			isa = PBXNativeTarget;
			buildConfigurationList = C34AC18B2FF1BFD5005EE689 /* Build configuration list for PBXNativeTarget "itraducteur-pdfTests" */;
			buildPhases = (
				C34AC1702FF1BFD5005EE689 /* Sources */,
				C34AC1712FF1BFD5005EE689 /* Frameworks */,
				C34AC1722FF1BFD5005EE689 /* Resources */,
			);
			buildRules = (
			);
			dependencies = (
				C34AC1762FF1BFD5005EE689 /* PBXTargetDependency */,
			);
			fileSystemSynchronizedGroups = (
				C34AC1772FF1BFD5005EE689 /* itraducteur-pdfTests */,
			);
			name = "itraducteur-pdfTests";
			packageProductDependencies = (
			);
			productName = "itraducteur-pdfTests";
			productReference = C34AC1742FF1BFD5005EE689 /* itraducteur-pdfTests.xctest */;
			productType = "com.apple.product-type.bundle.unit-test";
		};
		C34AC17D2FF1BFD5005EE689 /* itraducteur-pdfUITests */ = {
			isa = PBXNativeTarget;
			buildConfigurationList = C34AC18E2FF1BFD5005EE689 /* Build configuration list for PBXNativeTarget "itraducteur-pdfUITests" */;
			buildPhases = (
				C34AC17A2FF1BFD5005EE689 /* Sources */,
				C34AC17B2FF1BFD5005EE689 /* Frameworks */,
				C34AC17C2FF1BFD5005EE689 /* Resources */,
			);
			buildRules = (
			);
			dependencies = (
				C34AC1802FF1BFD5005EE689 /* PBXTargetDependency */,
			);
			fileSystemSynchronizedGroups = (
				C34AC1812FF1BFD5005EE689 /* itraducteur-pdfUITests */,
			);
			name = "itraducteur-pdfUITests";
			packageProductDependencies = (
			);
			productName = "itraducteur-pdfUITests";
			productReference = C34AC17E2FF1BFD5005EE689 /* itraducteur-pdfUITests.xctest */;
			productType = "com.apple.product-type.bundle.ui-testing";
		};
/* End PBXNativeTarget section */

/* Begin PBXProject section */
		C34AC15F2FF1BFD3005EE689 /* Project object */ = {
			isa = PBXProject;
			attributes = {
				BuildIndependentTargetsInParallel = 1;
				LastSwiftUpdateCheck = 2660;
				LastUpgradeCheck = 2660;
				TargetAttributes = {
					C34AC1662FF1BFD3005EE689 = {
						CreatedOnToolsVersion = 26.6;
					};
					C34AC1732FF1BFD5005EE689 = {
						CreatedOnToolsVersion = 26.6;
						TestTargetID = C34AC1662FF1BFD3005EE689;
					};
					C34AC17D2FF1BFD5005EE689 = {
						CreatedOnToolsVersion = 26.6;
						TestTargetID = C34AC1662FF1BFD3005EE689;
					};
				};
			};
			buildConfigurationList = C34AC1622FF1BFD3005EE689 /* Build configuration list for PBXProject "itraducteur-pdf" */;
			developmentRegion = en;
			hasScannedForEncodings = 0;
			knownRegions = (
				en,
				Base,
			);
			mainGroup = C34AC15E2FF1BFD2005EE689;
			minimizedProjectReferenceProxies = 1;
			preferredProjectObjectVersion = 77;
			productRefGroup = C34AC1682FF1BFD3005EE689 /* Products */;
			projectDirPath = "";
			projectRoot = "";
			targets = (
				C34AC1662FF1BFD3005EE689 /* itraducteur-pdf */,
				C34AC1732FF1BFD5005EE689 /* itraducteur-pdfTests */,
				C34AC17D2FF1BFD5005EE689 /* itraducteur-pdfUITests */,
			);
		};
/* End PBXProject section */

/* Begin PBXResourcesBuildPhase section */
		C34AC1652FF1BFD3005EE689 /* Resources */ = {
			isa = PBXResourcesBuildPhase;
			buildActionMask = 2147483647;
			files = (
			);
			runOnlyForDeploymentPostprocessing = 0;
		};
		C34AC1722FF1BFD5005EE689 /* Resources */ = {
			isa = PBXResourcesBuildPhase;
			buildActionMask = 2147483647;
			files = (
			);
			runOnlyForDeploymentPostprocessing = 0;
		};
		C34AC17C2FF1BFD5005EE689 /* Resources */ = {
			isa = PBXResourcesBuildPhase;
			buildActionMask = 2147483647;
			files = (
			);
			runOnlyForDeploymentPostprocessing = 0;
		};
/* End PBXResourcesBuildPhase section */

/* Begin PBXSourcesBuildPhase section */
		C34AC1632FF1BFD3005EE689 /* Sources */ = {
			isa = PBXSourcesBuildPhase;
			buildActionMask = 2147483647;
			files = (
				C3AEC60C2FF1C8AC00257B8D /* itraducteur_pdfApp.swift in Sources */,
				C3AEC60D2FF1C8AC00257B8D /* ContentView.swift in Sources */,
				C3C9B5BB2FF1C302007507DA /* StatutView.swift in Sources */,
				C3C9B5BC2FF1C302007507DA /* AppModels.swift in Sources */,
				C3C9B5BD2FF1C302007507DA /* APIService.swift in Sources */,
				C3C9B5BE2FF1C302007507DA /* BackendLauncher.swift in Sources */,
				C3C9B5BF2FF1C302007507DA /* DocumentView.swift in Sources */,
				C3C9B5C02FF1C302007507DA /* ResultatView.swift in Sources */,
				C3EE385B2FF34B09003E6118 /* ScheduledJobsView.swift in Sources */,
				C3EE385C2FF34B09003E6118 /* ScheduleSheet.swift in Sources */,
				C3EE385E2FF34B09003E6118 /* GlossaireView.swift in Sources */,
				C3EE38602FF34B09003E6118 /* LectureAudioView.swift in Sources */,
				C3C9B5C12FF1C302007507DA /* ProgressionView.swift in Sources */,
			);
			runOnlyForDeploymentPostprocessing = 0;
		};
		C34AC1702FF1BFD5005EE689 /* Sources */ = {
			isa = PBXSourcesBuildPhase;
			buildActionMask = 2147483647;
			files = (
			);
			runOnlyForDeploymentPostprocessing = 0;
		};
		C34AC17A2FF1BFD5005EE689 /* Sources */ = {
			isa = PBXSourcesBuildPhase;
			buildActionMask = 2147483647;
			files = (
			);
			runOnlyForDeploymentPostprocessing = 0;
		};
/* End PBXSourcesBuildPhase section */

/* Begin PBXTargetDependency section */
		C34AC1762FF1BFD5005EE689 /* PBXTargetDependency */ = {
			isa = PBXTargetDependency;
			target = C34AC1662FF1BFD3005EE689 /* itraducteur-pdf */;
			targetProxy = C34AC1752FF1BFD5005EE689 /* PBXContainerItemProxy */;
		};
		C34AC1802FF1BFD5005EE689 /* PBXTargetDependency */ = {
			isa = PBXTargetDependency;
			target = C34AC1662FF1BFD3005EE689 /* itraducteur-pdf */;
			targetProxy = C34AC17F2FF1BFD5005EE689 /* PBXContainerItemProxy */;
		};
/* End PBXTargetDependency section */

/* Begin XCBuildConfiguration section */
		C34AC1862FF1BFD5005EE689 /* Debug */ = {
			isa = XCBuildConfiguration;
			buildSettings = {
				ALWAYS_SEARCH_USER_PATHS = NO;
				ASSETCATALOG_COMPILER_GENERATE_SWIFT_ASSET_SYMBOL_EXTENSIONS = YES;
				CLANG_ANALYZER_NONNULL = YES;
				CLANG_ANALYZER_NUMBER_OBJECT_CONVERSION = YES_AGGRESSIVE;
				CLANG_CXX_LANGUAGE_STANDARD = "gnu++20";
				CLANG_ENABLE_MODULES = YES;
				CLANG_ENABLE_OBJC_ARC = YES;
				CLANG_ENABLE_OBJC_WEAK = YES;
				CLANG_WARN_BLOCK_CAPTURE_AUTORELEASING = YES;
				CLANG_WARN_BOOL_CONVERSION = YES;
				CLANG_WARN_COMMA = YES;
				CLANG_WARN_CONSTANT_CONVERSION = YES;
				CLANG_WARN_DEPRECATED_OBJC_IMPLEMENTATIONS = YES;
				CLANG_WARN_DIRECT_OBJC_ISA_USAGE = YES_ERROR;
				CLANG_WARN_DOCUMENTATION_COMMENTS = YES;
				CLANG_WARN_EMPTY_BODY = YES;
				CLANG_WARN_ENUM_CONVERSION = YES;
				CLANG_WARN_INFINITE_RECURSION = YES;
				CLANG_WARN_INT_CONVERSION = YES;
				CLANG_WARN_NON_LITERAL_NULL_CONVERSION = YES;
				CLANG_WARN_OBJC_IMPLICIT_RETAIN_SELF = YES;
				CLANG_WARN_OBJC_LITERAL_CONVERSION = YES;
				CLANG_WARN_OBJC_ROOT_CLASS = YES_ERROR;
				CLANG_WARN_QUOTED_INCLUDE_IN_FRAMEWORK_HEADER = YES;
				CLANG_WARN_RANGE_LOOP_ANALYSIS = YES;
				CLANG_WARN_STRICT_PROTOTYPES = YES;
				CLANG_WARN_SUSPICIOUS_MOVE = YES;
				CLANG_WARN_UNGUARDED_AVAILABILITY = YES_AGGRESSIVE;
				CLANG_WARN_UNREACHABLE_CODE = YES;
				CLANG_WARN__DUPLICATE_METHOD_MATCH = YES;
				COPY_PHASE_STRIP = NO;
				DEBUG_INFORMATION_FORMAT = dwarf;
				DEVELOPMENT_TEAM = 4M5YRHC722;
				ENABLE_STRICT_OBJC_MSGSEND = YES;
				ENABLE_TESTABILITY = YES;
				ENABLE_USER_SCRIPT_SANDBOXING = YES;
				GCC_C_LANGUAGE_STANDARD = gnu17;
				GCC_DYNAMIC_NO_PIC = NO;
				GCC_NO_COMMON_BLOCKS = YES;
				GCC_OPTIMIZATION_LEVEL = 0;
				GCC_PREPROCESSOR_DEFINITIONS = (
					"DEBUG=1",
					"$(inherited)",
				);
				GCC_WARN_64_TO_32_BIT_CONVERSION = YES;
				GCC_WARN_ABOUT_RETURN_TYPE = YES_ERROR;
				GCC_WARN_UNDECLARED_SELECTOR = YES;
				GCC_WARN_UNINITIALIZED_AUTOS = YES_AGGRESSIVE;
				GCC_WARN_UNUSED_FUNCTION = YES;
				GCC_WARN_UNUSED_VARIABLE = YES;
				LOCALIZATION_PREFERS_STRING_CATALOGS = YES;
				MTL_ENABLE_DEBUG_INFO = INCLUDE_SOURCE;
				MTL_FAST_MATH = YES;
				ONLY_ACTIVE_ARCH = YES;
				SWIFT_ACTIVE_COMPILATION_CONDITIONS = "DEBUG $(inherited)";
				SWIFT_OPTIMIZATION_LEVEL = "-Onone";
			};
			name = Debug;
		};
		C34AC1872FF1BFD5005EE689 /* Release */ = {
			isa = XCBuildConfiguration;
			buildSettings = {
				ALWAYS_SEARCH_USER_PATHS = NO;
				ASSETCATALOG_COMPILER_GENERATE_SWIFT_ASSET_SYMBOL_EXTENSIONS = YES;
				CLANG_ANALYZER_NONNULL = YES;
				CLANG_ANALYZER_NUMBER_OBJECT_CONVERSION = YES_AGGRESSIVE;
				CLANG_CXX_LANGUAGE_STANDARD = "gnu++20";
				CLANG_ENABLE_MODULES = YES;
				CLANG_ENABLE_OBJC_ARC = YES;
				CLANG_ENABLE_OBJC_WEAK = YES;
				CLANG_WARN_BLOCK_CAPTURE_AUTORELEASING = YES;
				CLANG_WARN_BOOL_CONVERSION = YES;
				CLANG_WARN_COMMA = YES;
				CLANG_WARN_CONSTANT_CONVERSION = YES;
				CLANG_WARN_DEPRECATED_OBJC_IMPLEMENTATIONS = YES;
				CLANG_WARN_DIRECT_OBJC_ISA_USAGE = YES_ERROR;
				CLANG_WARN_DOCUMENTATION_COMMENTS = YES;
				CLANG_WARN_EMPTY_BODY = YES;
				CLANG_WARN_ENUM_CONVERSION = YES;
				CLANG_WARN_INFINITE_RECURSION = YES;
				CLANG_WARN_INT_CONVERSION = YES;
				CLANG_WARN_NON_LITERAL_NULL_CONVERSION = YES;
				CLANG_WARN_OBJC_IMPLICIT_RETAIN_SELF = YES;
				CLANG_WARN_OBJC_LITERAL_CONVERSION = YES;
				CLANG_WARN_OBJC_ROOT_CLASS = YES_ERROR;
				CLANG_WARN_QUOTED_INCLUDE_IN_FRAMEWORK_HEADER = YES;
				CLANG_WARN_RANGE_LOOP_ANALYSIS = YES;
				CLANG_WARN_STRICT_PROTOTYPES = YES;
				CLANG_WARN_SUSPICIOUS_MOVE = YES;
				CLANG_WARN_UNGUARDED_AVAILABILITY = YES_AGGRESSIVE;
				CLANG_WARN_UNREACHABLE_CODE = YES;
				CLANG_WARN__DUPLICATE_METHOD_MATCH = YES;
				COPY_PHASE_STRIP = NO;
				DEBUG_INFORMATION_FORMAT = "dwarf-with-dsym";
				DEVELOPMENT_TEAM = 4M5YRHC722;
				ENABLE_NS_ASSERTIONS = NO;
				ENABLE_STRICT_OBJC_MSGSEND = YES;
				ENABLE_USER_SCRIPT_SANDBOXING = YES;
				GCC_C_LANGUAGE_STANDARD = gnu17;
				GCC_NO_COMMON_BLOCKS = YES;
				GCC_WARN_64_TO_32_BIT_CONVERSION = YES;
				GCC_WARN_ABOUT_RETURN_TYPE = YES_ERROR;
				GCC_WARN_UNDECLARED_SELECTOR = YES;
				GCC_WARN_UNINITIALIZED_AUTOS = YES_AGGRESSIVE;
				GCC_WARN_UNUSED_FUNCTION = YES;
				GCC_WARN_UNUSED_VARIABLE = YES;
				LOCALIZATION_PREFERS_STRING_CATALOGS = YES;
				MTL_ENABLE_DEBUG_INFO = NO;
				MTL_FAST_MATH = YES;
				SWIFT_COMPILATION_MODE = wholemodule;
			};
			name = Release;
		};
		C34AC1892FF1BFD5005EE689 /* Debug */ = {
			isa = XCBuildConfiguration;
			buildSettings = {
				ASSETCATALOG_COMPILER_APPICON_NAME = AppIcon;
				ASSETCATALOG_COMPILER_GLOBAL_ACCENT_COLOR_NAME = AccentColor;
				CODE_SIGN_ENTITLEMENTS = "itraducteur-pdf.entitlements";
				CODE_SIGN_STYLE = Automatic;
				CURRENT_PROJECT_VERSION = 1;
				DEVELOPMENT_TEAM = 4M5YRHC722;
				ENABLE_APP_SANDBOX = YES;
				ENABLE_HARDENED_RUNTIME = YES;
				ENABLE_PREVIEWS = YES;
				ENABLE_USER_SELECTED_FILES = readonly;
				GENERATE_INFOPLIST_FILE = YES;
				"INFOPLIST_KEY_UIApplicationSceneManifest_Generation[sdk=iphoneos*]" = YES;
				"INFOPLIST_KEY_UIApplicationSceneManifest_Generation[sdk=iphonesimulator*]" = YES;
				"INFOPLIST_KEY_UIApplicationSupportsIndirectInputEvents[sdk=iphoneos*]" = YES;
				"INFOPLIST_KEY_UIApplicationSupportsIndirectInputEvents[sdk=iphonesimulator*]" = YES;
				"INFOPLIST_KEY_UILaunchScreen_Generation[sdk=iphoneos*]" = YES;
				"INFOPLIST_KEY_UILaunchScreen_Generation[sdk=iphonesimulator*]" = YES;
				"INFOPLIST_KEY_UIStatusBarStyle[sdk=iphoneos*]" = UIStatusBarStyleDefault;
				"INFOPLIST_KEY_UIStatusBarStyle[sdk=iphonesimulator*]" = UIStatusBarStyleDefault;
				INFOPLIST_KEY_UISupportedInterfaceOrientations_iPad = "UIInterfaceOrientationPortrait UIInterfaceOrientationPortraitUpsideDown UIInterfaceOrientationLandscapeLeft UIInterfaceOrientationLandscapeRight";
				INFOPLIST_KEY_UISupportedInterfaceOrientations_iPhone = "UIInterfaceOrientationPortrait UIInterfaceOrientationLandscapeLeft UIInterfaceOrientationLandscapeRight";
				IPHONEOS_DEPLOYMENT_TARGET = 26.5;
				LD_RUNPATH_SEARCH_PATHS = "@executable_path/Frameworks";
				"LD_RUNPATH_SEARCH_PATHS[sdk=macosx*]" = "@executable_path/../Frameworks";
				MACOSX_DEPLOYMENT_TARGET = 26.5;
				MARKETING_VERSION = 1.0;
				PRODUCT_BUNDLE_IDENTIFIER = "iecho.itraducteur-pdf";
				PRODUCT_NAME = "$(TARGET_NAME)";
				REGISTER_APP_GROUPS = YES;
				SDKROOT = auto;
				STRING_CATALOG_GENERATE_SYMBOLS = YES;
				SUPPORTED_PLATFORMS = "iphoneos iphonesimulator macosx xros xrsimulator";
				SWIFT_APPROACHABLE_CONCURRENCY = YES;
				SWIFT_DEFAULT_ACTOR_ISOLATION = MainActor;
				SWIFT_EMIT_LOC_STRINGS = YES;
				SWIFT_UPCOMING_FEATURE_MEMBER_IMPORT_VISIBILITY = YES;
				SWIFT_VERSION = 5.0;
				TARGETED_DEVICE_FAMILY = "1,2,7";
				XROS_DEPLOYMENT_TARGET = 26.5;
			};
			name = Debug;
		};
		C34AC18A2FF1BFD5005EE689 /* Release */ = {
			isa = XCBuildConfiguration;
			buildSettings = {
				ASSETCATALOG_COMPILER_APPICON_NAME = AppIcon;
				ASSETCATALOG_COMPILER_GLOBAL_ACCENT_COLOR_NAME = AccentColor;
				CODE_SIGN_ENTITLEMENTS = "itraducteur-pdf.entitlements";
				CODE_SIGN_STYLE = Automatic;
				CURRENT_PROJECT_VERSION = 1;
				DEVELOPMENT_TEAM = 4M5YRHC722;
				ENABLE_APP_SANDBOX = YES;
				ENABLE_HARDENED_RUNTIME = YES;
				ENABLE_PREVIEWS = YES;
				ENABLE_USER_SELECTED_FILES = readonly;
				GENERATE_INFOPLIST_FILE = YES;
				"INFOPLIST_KEY_UIApplicationSceneManifest_Generation[sdk=iphoneos*]" = YES;
				"INFOPLIST_KEY_UIApplicationSceneManifest_Generation[sdk=iphonesimulator*]" = YES;
				"INFOPLIST_KEY_UIApplicationSupportsIndirectInputEvents[sdk=iphoneos*]" = YES;
				"INFOPLIST_KEY_UIApplicationSupportsIndirectInputEvents[sdk=iphonesimulator*]" = YES;
				"INFOPLIST_KEY_UILaunchScreen_Generation[sdk=iphoneos*]" = YES;
				"INFOPLIST_KEY_UILaunchScreen_Generation[sdk=iphonesimulator*]" = YES;
				"INFOPLIST_KEY_UIStatusBarStyle[sdk=iphoneos*]" = UIStatusBarStyleDefault;
				"INFOPLIST_KEY_UIStatusBarStyle[sdk=iphonesimulator*]" = UIStatusBarStyleDefault;
				INFOPLIST_KEY_UISupportedInterfaceOrientations_iPad = "UIInterfaceOrientationPortrait UIInterfaceOrientationPortraitUpsideDown UIInterfaceOrientationLandscapeLeft UIInterfaceOrientationLandscapeRight";
				INFOPLIST_KEY_UISupportedInterfaceOrientations_iPhone = "UIInterfaceOrientationPortrait UIInterfaceOrientationLandscapeLeft UIInterfaceOrientationLandscapeRight";
				IPHONEOS_DEPLOYMENT_TARGET = 26.5;
				LD_RUNPATH_SEARCH_PATHS = "@executable_path/Frameworks";
				"LD_RUNPATH_SEARCH_PATHS[sdk=macosx*]" = "@executable_path/../Frameworks";
				MACOSX_DEPLOYMENT_TARGET = 26.5;
				MARKETING_VERSION = 1.0;
				PRODUCT_BUNDLE_IDENTIFIER = "iecho.itraducteur-pdf";
				PRODUCT_NAME = "$(TARGET_NAME)";
				REGISTER_APP_GROUPS = YES;
				SDKROOT = auto;
				STRING_CATALOG_GENERATE_SYMBOLS = YES;
				SUPPORTED_PLATFORMS = "iphoneos iphonesimulator macosx xros xrsimulator";
				SWIFT_APPROACHABLE_CONCURRENCY = YES;
				SWIFT_DEFAULT_ACTOR_ISOLATION = MainActor;
				SWIFT_EMIT_LOC_STRINGS = YES;
				SWIFT_UPCOMING_FEATURE_MEMBER_IMPORT_VISIBILITY = YES;
				SWIFT_VERSION = 5.0;
				TARGETED_DEVICE_FAMILY = "1,2,7";
				XROS_DEPLOYMENT_TARGET = 26.5;
			};
			name = Release;
		};
		C34AC18C2FF1BFD5005EE689 /* Debug */ = {
			isa = XCBuildConfiguration;
			buildSettings = {
				BUNDLE_LOADER = "$(TEST_HOST)";
				CODE_SIGN_STYLE = Automatic;
				CURRENT_PROJECT_VERSION = 1;
				DEVELOPMENT_TEAM = 4M5YRHC722;
				GENERATE_INFOPLIST_FILE = YES;
				IPHONEOS_DEPLOYMENT_TARGET = 26.5;
				MACOSX_DEPLOYMENT_TARGET = 26.5;
				MARKETING_VERSION = 1.0;
				PRODUCT_BUNDLE_IDENTIFIER = "iecho.itraducteur-pdfTests";
				PRODUCT_NAME = "$(TARGET_NAME)";
				SDKROOT = auto;
				STRING_CATALOG_GENERATE_SYMBOLS = NO;
				SUPPORTED_PLATFORMS = "iphoneos iphonesimulator macosx xros xrsimulator";
				SWIFT_APPROACHABLE_CONCURRENCY = YES;
				SWIFT_EMIT_LOC_STRINGS = NO;
				SWIFT_UPCOMING_FEATURE_MEMBER_IMPORT_VISIBILITY = YES;
				SWIFT_VERSION = 5.0;
				TARGETED_DEVICE_FAMILY = "1,2,7";
				TEST_HOST = "$(BUILT_PRODUCTS_DIR)/itraducteur-pdf.app/$(BUNDLE_EXECUTABLE_FOLDER_PATH)/itraducteur-pdf";
				XROS_DEPLOYMENT_TARGET = 26.5;
			};
			name = Debug;
		};
		C34AC18D2FF1BFD5005EE689 /* Release */ = {
			isa = XCBuildConfiguration;
			buildSettings = {
				BUNDLE_LOADER = "$(TEST_HOST)";
				CODE_SIGN_STYLE = Automatic;
				CURRENT_PROJECT_VERSION = 1;
				DEVELOPMENT_TEAM = 4M5YRHC722;
				GENERATE_INFOPLIST_FILE = YES;
				IPHONEOS_DEPLOYMENT_TARGET = 26.5;
				MACOSX_DEPLOYMENT_TARGET = 26.5;
				MARKETING_VERSION = 1.0;
				PRODUCT_BUNDLE_IDENTIFIER = "iecho.itraducteur-pdfTests";
				PRODUCT_NAME = "$(TARGET_NAME)";
				SDKROOT = auto;
				STRING_CATALOG_GENERATE_SYMBOLS = NO;
				SUPPORTED_PLATFORMS = "iphoneos iphonesimulator macosx xros xrsimulator";
				SWIFT_APPROACHABLE_CONCURRENCY = YES;
				SWIFT_EMIT_LOC_STRINGS = NO;
				SWIFT_UPCOMING_FEATURE_MEMBER_IMPORT_VISIBILITY = YES;
				SWIFT_VERSION = 5.0;
				TARGETED_DEVICE_FAMILY = "1,2,7";
				TEST_HOST = "$(BUILT_PRODUCTS_DIR)/itraducteur-pdf.app/$(BUNDLE_EXECUTABLE_FOLDER_PATH)/itraducteur-pdf";
				XROS_DEPLOYMENT_TARGET = 26.5;
			};
			name = Release;
		};
		C34AC18F2FF1BFD5005EE689 /* Debug */ = {
			isa = XCBuildConfiguration;
			buildSettings = {
				CODE_SIGN_STYLE = Automatic;
				CURRENT_PROJECT_VERSION = 1;
				DEVELOPMENT_TEAM = 4M5YRHC722;
				GENERATE_INFOPLIST_FILE = YES;
				IPHONEOS_DEPLOYMENT_TARGET = 26.5;
				MACOSX_DEPLOYMENT_TARGET = 26.5;
				MARKETING_VERSION = 1.0;
				PRODUCT_BUNDLE_IDENTIFIER = "iecho.itraducteur-pdfUITests";
				PRODUCT_NAME = "$(TARGET_NAME)";
				SDKROOT = auto;
				STRING_CATALOG_GENERATE_SYMBOLS = NO;
				SUPPORTED_PLATFORMS = "iphoneos iphonesimulator macosx xros xrsimulator";
				SWIFT_APPROACHABLE_CONCURRENCY = YES;
				SWIFT_EMIT_LOC_STRINGS = NO;
				SWIFT_UPCOMING_FEATURE_MEMBER_IMPORT_VISIBILITY = YES;
				SWIFT_VERSION = 5.0;
				TARGETED_DEVICE_FAMILY = "1,2,7";
				TEST_TARGET_NAME = "itraducteur-pdf";
				XROS_DEPLOYMENT_TARGET = 26.5;
			};
			name = Debug;
		};
		C34AC1902FF1BFD5005EE689 /* Release */ = {
			isa = XCBuildConfiguration;
			buildSettings = {
				CODE_SIGN_STYLE = Automatic;
				CURRENT_PROJECT_VERSION = 1;
				DEVELOPMENT_TEAM = 4M5YRHC722;
				GENERATE_INFOPLIST_FILE = YES;
				IPHONEOS_DEPLOYMENT_TARGET = 26.5;
				MACOSX_DEPLOYMENT_TARGET = 26.5;
				MARKETING_VERSION = 1.0;
				PRODUCT_BUNDLE_IDENTIFIER = "iecho.itraducteur-pdfUITests";
				PRODUCT_NAME = "$(TARGET_NAME)";
				SDKROOT = auto;
				STRING_CATALOG_GENERATE_SYMBOLS = NO;
				SUPPORTED_PLATFORMS = "iphoneos iphonesimulator macosx xros xrsimulator";
				SWIFT_APPROACHABLE_CONCURRENCY = YES;
				SWIFT_EMIT_LOC_STRINGS = NO;
				SWIFT_UPCOMING_FEATURE_MEMBER_IMPORT_VISIBILITY = YES;
				SWIFT_VERSION = 5.0;
				TARGETED_DEVICE_FAMILY = "1,2,7";
				TEST_TARGET_NAME = "itraducteur-pdf";
				XROS_DEPLOYMENT_TARGET = 26.5;
			};
			name = Release;
		};
/* End XCBuildConfiguration section */

/* Begin XCConfigurationList section */
		C34AC1622FF1BFD3005EE689 /* Build configuration list for PBXProject "itraducteur-pdf" */ = {
			isa = XCConfigurationList;
			buildConfigurations = (
				C34AC1862FF1BFD5005EE689 /* Debug */,
				C34AC1872FF1BFD5005EE689 /* Release */,
			);
			defaultConfigurationIsVisible = 0;
			defaultConfigurationName = Release;
		};
		C34AC1882FF1BFD5005EE689 /* Build configuration list for PBXNativeTarget "itraducteur-pdf" */ = {
			isa = XCConfigurationList;
			buildConfigurations = (
				C34AC1892FF1BFD5005EE689 /* Debug */,
				C34AC18A2FF1BFD5005EE689 /* Release */,
			);
			defaultConfigurationIsVisible = 0;
			defaultConfigurationName = Release;
		};
		C34AC18B2FF1BFD5005EE689 /* Build configuration list for PBXNativeTarget "itraducteur-pdfTests" */ = {
			isa = XCConfigurationList;
			buildConfigurations = (
				C34AC18C2FF1BFD5005EE689 /* Debug */,
				C34AC18D2FF1BFD5005EE689 /* Release */,
			);
			defaultConfigurationIsVisible = 0;
			defaultConfigurationName = Release;
		};
		C34AC18E2FF1BFD5005EE689 /* Build configuration list for PBXNativeTarget "itraducteur-pdfUITests" */ = {
			isa = XCConfigurationList;
			buildConfigurations = (
				C34AC18F2FF1BFD5005EE689 /* Debug */,
				C34AC1902FF1BFD5005EE689 /* Release */,
			);
			defaultConfigurationIsVisible = 0;
			defaultConfigurationName = Release;
		};
/* End XCConfigurationList section */
	};
	rootObject = C34AC15F2FF1BFD3005EE689 /* Project object */;
}
